
Microsoft Visual Studio Solution File, Format Version 12.00
# Visual Studio Version 16
VisualStudioVersion = 16.0.28729.10
MinimumVisualStudioVersion = 10.0.40219.1
Project("{FAE04EC0-301F-11D3-BF4B-00C04F79EFBC}") = "StudentSystem.Api", "StudentSystem.Api\StudentSystem.Api.csproj", "{5EAB07FE-FF5F-422A-8F9E-45CBCAA5B42B}"
EndProject
Project("{FAE04EC0-301F-11D3-BF4B-00C04F79EFBC}") = "StudentSystem.EntityFramework", "StudentSystem.EntityFramework\StudentSystem.EntityFramework.csproj", "{6013BA1D-87D9-41CC-87E4-D2C4A257FEBC}"
EndProject
Project("{FAE04EC0-301F-11D3-BF4B-00C04F79EFBC}") = "StudentSystem.Infrastructure", "StudentSystem.Infrastructure\StudentSystem.Infrastructure.csproj", "{9DC9013D-D333-4AD3-8299-973EBEBC5450}"
EndProject
Global
	GlobalSection(SolutionConfigurationPlatforms) = preSolution
		Debug|Any CPU = Debug|Any CPU
		Release|Any CPU = Release|Any CPU
	EndGlobalSection
	GlobalSection(ProjectConfigurationPlatforms) = postSolution
		{5EAB07FE-FF5F-422A-8F9E-45CBCAA5B42B}.Debug|Any CPU.ActiveCfg = Debug|Any CPU
		{5EAB07FE-FF5F-422A-8F9E-45CBCAA5B42B}.Debug|Any CPU.Build.0 = Debug|Any CPU
		{5EAB07FE-FF5F-422A-8F9E-45CBCAA5B42B}.Release|Any CPU.ActiveCfg = Release|Any CPU
		{5EAB07FE-FF5F-422A-8F9E-45CBCAA5B42B}.Release|Any CPU.Build.0 = Release|Any CPU
		{6013BA1D-87D9-41CC-87E4-D2C4A257FEBC}.Debug|Any CPU.ActiveCfg = Debug|Any CPU
		{6013BA1D-87D9-41CC-87E4-D2C4A257FEBC}.Debug|Any CPU.Build.0 = Debug|Any CPU
		{6013BA1D-87D9-41CC-87E4-D2C4A257FEBC}.Release|Any CPU.ActiveCfg = Release|Any CPU
		{6013BA1D-87D9-41CC-87E4-D2C4A257FEBC}.Release|Any CPU.Build.0 = Release|Any CPU
		{9DC9013D-D333-4AD3-8299-973EBEBC5450}.Debug|Any CPU.ActiveCfg = Debug|Any CPU
		{9DC9013D-D333-4AD3-8299-973EBEBC5450}.Debug|Any CPU.Build.0 = Debug|Any CPU
		{9DC9013D-D333-4AD3-8299-973EBEBC5450}.Release|Any CPU.ActiveCfg = Release|Any CPU
		{9DC9013D-D333-4AD3-8299-973EBEBC5450}.Release|Any CPU.Build.0 = Release|Any CPU
	EndGlobalSection
	GlobalSection(SolutionProperties) = preSolution
		HideSolutionNode = FALSE
	EndGlobalSection
	GlobalSection(ExtensibilityGlobals) = postSolution
		SolutionGuid = {66E9DB18-19BF-4F29-B6CE-D6FBA427A8F3}
	EndGlobalSection
EndGlobal
